{
  "name": "gt-helpers",
  "version": "1.0.0",
  "lockfileVersion": 1,
  "requires": true,
  "dependencies": {
    "js-math-tools": {
      "version": "git+https://gitlab.com/jrc03c/js-math-tools.git#15d4bed7dbb5c14fa2ba4d8d9aab7d4c474b744e",
      "from": "git+https://gitlab.com/jrc03c/js-math-tools.git"
    },
    "liquidjs": {
      "version": "9.11.11",
      "resolved": "https://registry.npmjs.org/liquidjs/-/liquidjs-9.11.11.tgz",
      "integrity": "sha512-LOR4LvRCJTzhCyjfaAaB7Nvdo+YiAVp+2+noYvdrGTO/KWWGhjSjGiOAuE1BrN8GO7yOuNrS/zh+dK4BS1Au5A=="
    }
  }
}
