{
  "name": "gt-helpers",
  "version": "1.0.0",
  "lockfileVersion": 2,
  "requires": true,
  "packages": {
    "": {
      "version": "1.0.0",
      "license": "ISC",
      "dependencies": {
        "liquidjs": "^9.0.0",
        "make-key": "gitlab:jrc03c/make-key"
      }
    },
    "node_modules/@jrc03c/js-math-tools": {
      "version": "0.0.1",
      "resolved": "https://registry.npmjs.org/@jrc03c/js-math-tools/-/js-math-tools-0.0.1.tgz",
      "integrity": "sha512-EAyT5U8ifttK+0vrV8gWDOeiTq8D49+krcN3P33lWVrIhh/bzZsdUwZm8ht4g6vBweDf8MdNAWmym6bpYLl9Zg=="
    },
    "node_modules/liquidjs": {
      "version": "9.25.1",
      "resolved": "https://registry.npmjs.org/liquidjs/-/liquidjs-9.25.1.tgz",
      "integrity": "sha512-V6RYwuFsx13aKZ5ZrSUMHUgTPrEWpcP3GcafEkMdvlWVW9tTlQHOgBoJaK2HtLbOyvjXtaHXT82ZElwmRNY+Kw==",
      "bin": {
        "liquid": "bin/liquid.js",
        "liquidjs": "bin/liquid.js"
      },
      "engines": {
        "node": ">=4.8.7"
      },
      "funding": {
        "type": "opencollective",
        "url": "https://opencollective.com/liquidjs"
      }
    },
    "node_modules/make-key": {
      "version": "1.0.0",
      "resolved": "git+ssh://git@gitlab.com/jrc03c/make-key.git#e1a8dd7a84f1d6c74e395fc377849ebe434fbb42",
      "license": "ISC",
      "dependencies": {
        "@jrc03c/js-math-tools": "^0.0.1"
      },
      "bin": {
        "key": "bin.js",
        "makeKey": "bin.js"
      }
    }
  },
  "dependencies": {
    "@jrc03c/js-math-tools": {
      "version": "0.0.1",
      "resolved": "https://registry.npmjs.org/@jrc03c/js-math-tools/-/js-math-tools-0.0.1.tgz",
      "integrity": "sha512-EAyT5U8ifttK+0vrV8gWDOeiTq8D49+krcN3P33lWVrIhh/bzZsdUwZm8ht4g6vBweDf8MdNAWmym6bpYLl9Zg=="
    },
    "liquidjs": {
      "version": "9.25.1",
      "resolved": "https://registry.npmjs.org/liquidjs/-/liquidjs-9.25.1.tgz",
      "integrity": "sha512-V6RYwuFsx13aKZ5ZrSUMHUgTPrEWpcP3GcafEkMdvlWVW9tTlQHOgBoJaK2HtLbOyvjXtaHXT82ZElwmRNY+Kw=="
    },
    "make-key": {
      "version": "git+ssh://git@gitlab.com/jrc03c/make-key.git#e1a8dd7a84f1d6c74e395fc377849ebe434fbb42",
      "from": "make-key@gitlab:jrc03c/make-key",
      "requires": {
        "@jrc03c/js-math-tools": "^0.0.1"
      }
    }
  }
}
