{
  "name": "gt-helpers",
  "version": "1.0.0",
  "lockfileVersion": 2,
  "requires": true,
  "packages": {
    "": {
      "name": "gt-helpers",
      "version": "1.0.0",
      "license": "ISC",
      "dependencies": {
        "liquidjs": "^9.0.0",
        "make-key": "github:jrc03c/make-key"
      }
    },
    "node_modules/@jrc03c/js-math-tools": {
      "version": "0.0.1",
      "resolved": "git+ssh://git@github.com/jrc03c/js-math-tools.git#cf5ebdb00138264ed519fac3f49cfc07a59b513d",
      "license": "ISC"
    },
    "node_modules/liquidjs": {
      "version": "9.28.2",
      "resolved": "https://registry.npmjs.org/liquidjs/-/liquidjs-9.28.2.tgz",
      "integrity": "sha512-L84iu9dvEE4kHKoVR0YHANv7hsfRLxQ5zgKGCPuwr3aXuRLV9LAoFQKACBdSWeYtNYCw4t81XhCYBdf3lj/p7Q==",
      "bin": {
        "liquid": "bin/liquid.js",
        "liquidjs": "bin/liquid.js"
      },
      "engines": {
        "node": ">=4.8.7"
      },
      "funding": {
        "type": "opencollective",
        "url": "https://opencollective.com/liquidjs"
      }
    },
    "node_modules/make-key": {
      "name": "@jrc03c/make-key",
      "version": "1.0.0",
      "resolved": "git+ssh://git@github.com/jrc03c/make-key.git#deb31d8ec96845439b23a94e55ddac29463c5845",
      "license": "ISC",
      "dependencies": {
        "@jrc03c/js-math-tools": "github:jrc03c/js-math-tools"
      },
      "bin": {
        "key": "bin.js",
        "makeKey": "bin.js"
      }
    }
  },
  "dependencies": {
    "@jrc03c/js-math-tools": {
      "version": "git+ssh://git@github.com/jrc03c/js-math-tools.git#cf5ebdb00138264ed519fac3f49cfc07a59b513d",
      "from": "@jrc03c/js-math-tools@github:jrc03c/js-math-tools"
    },
    "liquidjs": {
      "version": "9.28.2",
      "resolved": "https://registry.npmjs.org/liquidjs/-/liquidjs-9.28.2.tgz",
      "integrity": "sha512-L84iu9dvEE4kHKoVR0YHANv7hsfRLxQ5zgKGCPuwr3aXuRLV9LAoFQKACBdSWeYtNYCw4t81XhCYBdf3lj/p7Q=="
    },
    "make-key": {
      "version": "git+ssh://git@github.com/jrc03c/make-key.git#deb31d8ec96845439b23a94e55ddac29463c5845",
      "from": "make-key@github:jrc03c/make-key",
      "requires": {
        "@jrc03c/js-math-tools": "github:jrc03c/js-math-tools"
      }
    }
  }
}
